
Microsoft Visual Studio Solution File, Format Version 12.00
# Visual Studio Version 17
VisualStudioVersion = 17.8.34330.188
MinimumVisualStudioVersion = 10.0.40219.1
Project("{9A19103F-16F7-4668-BE54-9A1E7A4F7556}") = "Releaf.Api", "Releaf.Api\Releaf.Api.csproj", "{18969AB5-EC75-46C8-97A5-A47CE0659620}"
EndProject
Project("{9A19103F-16F7-4668-BE54-9A1E7A4F7556}") = "Releaf.Domain", "Releaf.Domain\Releaf.Domain.csproj", "{97219396-C878-4897-BF91-6BF0CCC2FC00}"
EndProject
Project("{9A19103F-16F7-4668-BE54-9A1E7A4F7556}") = "Releaf.Infrastructure", "Releaf.Infrastructure\Releaf.Infrastructure.csproj", "{052F4D75-198F-4A9D-B0BF-223A0113DE18}"
EndProject
Project("{9A19103F-16F7-4668-BE54-9A1E7A4F7556}") = "Releaf.Application", "Releaf.Application\Releaf.Application.csproj", "{37A2651E-85CC-4C74-84AD-58F7F8E60C20}"
EndProject
Project("{2150E333-8FDC-42A3-9474-1A3956D46DE8}") = "Shared", "Shared", "{3C684CC1-D820-4DD5-86C4-39155E69DBF7}"
EndProject
Project("{9A19103F-16F7-4668-BE54-9A1E7A4F7556}") = "Releaf.Auth", "Releaf.Auth\Releaf.Auth.csproj", "{1FC53F3B-3883-444A-9018-C15231549B7E}"
EndProject
Project("{9A19103F-16F7-4668-BE54-9A1E7A4F7556}") = "Releaf.Shared", "Releaf.Shared\Releaf.Shared.csproj", "{E4E25FF6-CC83-42A2-8DF0-3DA4C8038B1E}"
EndProject
Project("{2150E333-8FDC-42A3-9474-1A3956D46DE8}") = "Releaf", "Releaf", "{53BC290A-D2B0-4CAC-A8D6-1EB6C4537E70}"
EndProject
Project("{2150E333-8FDC-42A3-9474-1A3956D46DE8}") = "GenParker", "GenParker", "{3767EF47-A4B1-410F-978B-6030D49C22C0}"
EndProject
Project("{9A19103F-16F7-4668-BE54-9A1E7A4F7556}") = "GenParker.Application", "GenParker.Application\GenParker.Application.csproj", "{37E4BD67-4C58-4A15-9EF1-5A4CFBDA6ECA}"
EndProject
Project("{9A19103F-16F7-4668-BE54-9A1E7A4F7556}") = "GenParker.Domain", "GenParker.Domain\GenParker.Domain.csproj", "{BA4418C0-56B2-46A6-AF84-ACD932773B75}"
EndProject
Project("{9A19103F-16F7-4668-BE54-9A1E7A4F7556}") = "GenParker.Infrastructure", "GenParker.Infrastructure\GenParker.Infrastructure.csproj", "{AC4902F0-D2D9-4323-AE93-1C501CEC35A1}"
EndProject
Project("{FAE04EC0-301F-11D3-BF4B-00C04F79EFBC}") = "GenParker.Events", "GenParker.Events\GenParker.Events.csproj", "{1B79A782-A4B5-4FA3-9CAD-99CC87C6B6AB}"
EndProject
Global
	GlobalSection(SolutionConfigurationPlatforms) = preSolution
		Debug|Any CPU = Debug|Any CPU
		Release|Any CPU = Release|Any CPU
	EndGlobalSection
	GlobalSection(ProjectConfigurationPlatforms) = postSolution
		{18969AB5-EC75-46C8-97A5-A47CE0659620}.Debug|Any CPU.ActiveCfg = Debug|Any CPU
		{18969AB5-EC75-46C8-97A5-A47CE0659620}.Debug|Any CPU.Build.0 = Debug|Any CPU
		{18969AB5-EC75-46C8-97A5-A47CE0659620}.Release|Any CPU.ActiveCfg = Release|Any CPU
		{18969AB5-EC75-46C8-97A5-A47CE0659620}.Release|Any CPU.Build.0 = Release|Any CPU
		{97219396-C878-4897-BF91-6BF0CCC2FC00}.Debug|Any CPU.ActiveCfg = Debug|Any CPU
		{97219396-C878-4897-BF91-6BF0CCC2FC00}.Debug|Any CPU.Build.0 = Debug|Any CPU
		{97219396-C878-4897-BF91-6BF0CCC2FC00}.Release|Any CPU.ActiveCfg = Release|Any CPU
		{97219396-C878-4897-BF91-6BF0CCC2FC00}.Release|Any CPU.Build.0 = Release|Any CPU
		{052F4D75-198F-4A9D-B0BF-223A0113DE18}.Debug|Any CPU.ActiveCfg = Debug|Any CPU
		{052F4D75-198F-4A9D-B0BF-223A0113DE18}.Debug|Any CPU.Build.0 = Debug|Any CPU
		{052F4D75-198F-4A9D-B0BF-223A0113DE18}.Release|Any CPU.ActiveCfg = Release|Any CPU
		{052F4D75-198F-4A9D-B0BF-223A0113DE18}.Release|Any CPU.Build.0 = Release|Any CPU
		{37A2651E-85CC-4C74-84AD-58F7F8E60C20}.Debug|Any CPU.ActiveCfg = Debug|Any CPU
		{37A2651E-85CC-4C74-84AD-58F7F8E60C20}.Debug|Any CPU.Build.0 = Debug|Any CPU
		{37A2651E-85CC-4C74-84AD-58F7F8E60C20}.Release|Any CPU.ActiveCfg = Release|Any CPU
		{37A2651E-85CC-4C74-84AD-58F7F8E60C20}.Release|Any CPU.Build.0 = Release|Any CPU
		{1FC53F3B-3883-444A-9018-C15231549B7E}.Debug|Any CPU.ActiveCfg = Debug|Any CPU
		{1FC53F3B-3883-444A-9018-C15231549B7E}.Debug|Any CPU.Build.0 = Debug|Any CPU
		{1FC53F3B-3883-444A-9018-C15231549B7E}.Release|Any CPU.ActiveCfg = Release|Any CPU
		{1FC53F3B-3883-444A-9018-C15231549B7E}.Release|Any CPU.Build.0 = Release|Any CPU
		{E4E25FF6-CC83-42A2-8DF0-3DA4C8038B1E}.Debug|Any CPU.ActiveCfg = Debug|Any CPU
		{E4E25FF6-CC83-42A2-8DF0-3DA4C8038B1E}.Debug|Any CPU.Build.0 = Debug|Any CPU
		{E4E25FF6-CC83-42A2-8DF0-3DA4C8038B1E}.Release|Any CPU.ActiveCfg = Release|Any CPU
		{E4E25FF6-CC83-42A2-8DF0-3DA4C8038B1E}.Release|Any CPU.Build.0 = Release|Any CPU
		{37E4BD67-4C58-4A15-9EF1-5A4CFBDA6ECA}.Debug|Any CPU.ActiveCfg = Debug|Any CPU
		{37E4BD67-4C58-4A15-9EF1-5A4CFBDA6ECA}.Debug|Any CPU.Build.0 = Debug|Any CPU
		{37E4BD67-4C58-4A15-9EF1-5A4CFBDA6ECA}.Release|Any CPU.ActiveCfg = Release|Any CPU
		{37E4BD67-4C58-4A15-9EF1-5A4CFBDA6ECA}.Release|Any CPU.Build.0 = Release|Any CPU
		{BA4418C0-56B2-46A6-AF84-ACD932773B75}.Debug|Any CPU.ActiveCfg = Debug|Any CPU
		{BA4418C0-56B2-46A6-AF84-ACD932773B75}.Debug|Any CPU.Build.0 = Debug|Any CPU
		{BA4418C0-56B2-46A6-AF84-ACD932773B75}.Release|Any CPU.ActiveCfg = Release|Any CPU
		{BA4418C0-56B2-46A6-AF84-ACD932773B75}.Release|Any CPU.Build.0 = Release|Any CPU
		{AC4902F0-D2D9-4323-AE93-1C501CEC35A1}.Debug|Any CPU.ActiveCfg = Debug|Any CPU
		{AC4902F0-D2D9-4323-AE93-1C501CEC35A1}.Debug|Any CPU.Build.0 = Debug|Any CPU
		{AC4902F0-D2D9-4323-AE93-1C501CEC35A1}.Release|Any CPU.ActiveCfg = Release|Any CPU
		{AC4902F0-D2D9-4323-AE93-1C501CEC35A1}.Release|Any CPU.Build.0 = Release|Any CPU
		{1B79A782-A4B5-4FA3-9CAD-99CC87C6B6AB}.Debug|Any CPU.ActiveCfg = Debug|Any CPU
		{1B79A782-A4B5-4FA3-9CAD-99CC87C6B6AB}.Debug|Any CPU.Build.0 = Debug|Any CPU
		{1B79A782-A4B5-4FA3-9CAD-99CC87C6B6AB}.Release|Any CPU.ActiveCfg = Release|Any CPU
		{1B79A782-A4B5-4FA3-9CAD-99CC87C6B6AB}.Release|Any CPU.Build.0 = Release|Any CPU
	EndGlobalSection
	GlobalSection(SolutionProperties) = preSolution
		HideSolutionNode = FALSE
	EndGlobalSection
	GlobalSection(NestedProjects) = preSolution
		{97219396-C878-4897-BF91-6BF0CCC2FC00} = {53BC290A-D2B0-4CAC-A8D6-1EB6C4537E70}
		{052F4D75-198F-4A9D-B0BF-223A0113DE18} = {53BC290A-D2B0-4CAC-A8D6-1EB6C4537E70}
		{37A2651E-85CC-4C74-84AD-58F7F8E60C20} = {53BC290A-D2B0-4CAC-A8D6-1EB6C4537E70}
		{1FC53F3B-3883-444A-9018-C15231549B7E} = {3C684CC1-D820-4DD5-86C4-39155E69DBF7}
		{E4E25FF6-CC83-42A2-8DF0-3DA4C8038B1E} = {3C684CC1-D820-4DD5-86C4-39155E69DBF7}
		{37E4BD67-4C58-4A15-9EF1-5A4CFBDA6ECA} = {3767EF47-A4B1-410F-978B-6030D49C22C0}
		{BA4418C0-56B2-46A6-AF84-ACD932773B75} = {3767EF47-A4B1-410F-978B-6030D49C22C0}
		{AC4902F0-D2D9-4323-AE93-1C501CEC35A1} = {3767EF47-A4B1-410F-978B-6030D49C22C0}
		{1B79A782-A4B5-4FA3-9CAD-99CC87C6B6AB} = {3767EF47-A4B1-410F-978B-6030D49C22C0}
	EndGlobalSection
	GlobalSection(ExtensibilityGlobals) = postSolution
		SolutionGuid = {246A0FAF-C02C-4830-ABED-12085C3C2AC5}
	EndGlobalSection
EndGlobal
