
Microsoft Visual Studio Solution File, Format Version 12.00
# Visual Studio Version 17
VisualStudioVersion = 17.8.34330.188
MinimumVisualStudioVersion = 10.0.40219.1
Project("{8BC9CEB8-8B4A-11D0-8D11-00A0C91BC942}") = "SampleSmoothingTests", "SampleSmoothingTests\SampleSmoothingTests.vcxproj", "{FE4D1357-D01B-4ADD-91DF-E23D24F6F044}"
EndProject
Global
	GlobalSection(SolutionConfigurationPlatforms) = preSolution
		Debug|x64 = Debug|x64
		Debug|x86 = Debug|x86
		Release|x64 = Release|x64
		Release|x86 = Release|x86
	EndGlobalSection
	GlobalSection(ProjectConfigurationPlatforms) = postSolution
		{FE4D1357-D01B-4ADD-91DF-E23D24F6F044}.Debug|x64.ActiveCfg = Debug|x64
		{FE4D1357-D01B-4ADD-91DF-E23D24F6F044}.Debug|x64.Build.0 = Debug|x64
		{FE4D1357-D01B-4ADD-91DF-E23D24F6F044}.Debug|x86.ActiveCfg = Debug|Win32
		{FE4D1357-D01B-4ADD-91DF-E23D24F6F044}.Debug|x86.Build.0 = Debug|Win32
		{FE4D1357-D01B-4ADD-91DF-E23D24F6F044}.Release|x64.ActiveCfg = Release|x64
		{FE4D1357-D01B-4ADD-91DF-E23D24F6F044}.Release|x64.Build.0 = Release|x64
		{FE4D1357-D01B-4ADD-91DF-E23D24F6F044}.Release|x86.ActiveCfg = Release|Win32
		{FE4D1357-D01B-4ADD-91DF-E23D24F6F044}.Release|x86.Build.0 = Release|Win32
	EndGlobalSection
	GlobalSection(SolutionProperties) = preSolution
		HideSolutionNode = FALSE
	EndGlobalSection
	GlobalSection(ExtensibilityGlobals) = postSolution
		SolutionGuid = {FEE4B305-E49D-429A-B7D0-6E468F445F04}
	EndGlobalSection
EndGlobal
